Microsoft Visual Studio Solution File, Format Version 11.00
# Visual Studio 2008

Project("{EB0A1917-9762-4DD3-A48F-A681D3061212}") = "master", "Assembly-CSharp.csproj", "{FC01FE44-D7F4-DA83-EE91-2CA8D3F102A6}"
EndProject
Global
	GlobalSection(SolutionConfigurationPlatforms) = preSolution
		Debug|Any CPU = Debug|Any CPU
		Release|Any CPU = Release|Any CPU
	EndGlobalSection
	GlobalSection(ProjectConfigurationPlatforms) = postSolution
		{FC01FE44-D7F4-DA83-EE91-2CA8D3F102A6}.Debug|Any CPU.ActiveCfg = Debug|Any CPU
		{FC01FE44-D7F4-DA83-EE91-2CA8D3F102A6}.Debug|Any CPU.Build.0 = Debug|Any CPU
		{FC01FE44-D7F4-DA83-EE91-2CA8D3F102A6}.Release|Any CPU.ActiveCfg = Release|Any CPU
		{FC01FE44-D7F4-DA83-EE91-2CA8D3F102A6}.Release|Any CPU.Build.0 = Release|Any CPU
	EndGlobalSection
	GlobalSection(SolutionProperties) = preSolution
		HideSolutionNode = FALSE
	EndGlobalSection
	GlobalSection(MonoDevelopProperties) = preSolution
		StartupItem = Assembly-CSharp.csproj
	EndGlobalSection
EndGlobal
